
Microsoft Visual Studio Solution File, Format Version 12.00
# Visual Studio 15
VisualStudioVersion = 15.0.27130.2010
MinimumVisualStudioVersion = 10.0.40219.1
Project("{8BC9CEB8-8B4A-11D0-8D11-00A0C91BC942}") = "MoveStar-Server", "MoveStar-Server\MoveStar-Server.vcxproj", "{F525C55F-5CD4-46AE-8BF2-DB4320396267}"
EndProject
Global
	GlobalSection(SolutionConfigurationPlatforms) = preSolution
		Debug|x64 = Debug|x64
		Debug|x86 = Debug|x86
		Release|x64 = Release|x64
		Release|x86 = Release|x86
	EndGlobalSection
	GlobalSection(ProjectConfigurationPlatforms) = postSolution
		{F525C55F-5CD4-46AE-8BF2-DB4320396267}.Debug|x64.ActiveCfg = Debug|x64
		{F525C55F-5CD4-46AE-8BF2-DB4320396267}.Debug|x64.Build.0 = Debug|x64
		{F525C55F-5CD4-46AE-8BF2-DB4320396267}.Debug|x86.ActiveCfg = Debug|Win32
		{F525C55F-5CD4-46AE-8BF2-DB4320396267}.Debug|x86.Build.0 = Debug|Win32
		{F525C55F-5CD4-46AE-8BF2-DB4320396267}.Release|x64.ActiveCfg = Release|x64
		{F525C55F-5CD4-46AE-8BF2-DB4320396267}.Release|x64.Build.0 = Release|x64
		{F525C55F-5CD4-46AE-8BF2-DB4320396267}.Release|x86.ActiveCfg = Release|Win32
		{F525C55F-5CD4-46AE-8BF2-DB4320396267}.Release|x86.Build.0 = Release|Win32
	EndGlobalSection
	GlobalSection(SolutionProperties) = preSolution
		HideSolutionNode = FALSE
	EndGlobalSection
	GlobalSection(ExtensibilityGlobals) = postSolution
		SolutionGuid = {727716C8-36AE-473B-A1DE-FA73FB587862}
	EndGlobalSection
EndGlobal
